
Microsoft Visual Studio Solution File, Format Version 12.00
# Visual Studio Version 16
VisualStudioVersion = 16.0.30804.86
MinimumVisualStudioVersion = 10.0.40219.1
Project("{FAE04EC0-301F-11D3-BF4B-00C04F79EFBC}") = "ScreenSharing_Desktop", "ScreenSharing_Desktop\ScreenSharing_Desktop.csproj", "{A30CF829-EBB4-4D0A-B71C-76F8EEB0F00C}"
EndProject
Global
	GlobalSection(SolutionConfigurationPlatforms) = preSolution
		Debug|Any CPU = Debug|Any CPU
		Release|Any CPU = Release|Any CPU
	EndGlobalSection
	GlobalSection(ProjectConfigurationPlatforms) = postSolution
		{A30CF829-EBB4-4D0A-B71C-76F8EEB0F00C}.Debug|Any CPU.ActiveCfg = Debug|Any CPU
		{A30CF829-EBB4-4D0A-B71C-76F8EEB0F00C}.Debug|Any CPU.Build.0 = Debug|Any CPU
		{A30CF829-EBB4-4D0A-B71C-76F8EEB0F00C}.Release|Any CPU.ActiveCfg = Release|Any CPU
		{A30CF829-EBB4-4D0A-B71C-76F8EEB0F00C}.Release|Any CPU.Build.0 = Release|Any CPU
	EndGlobalSection
	GlobalSection(SolutionProperties) = preSolution
		HideSolutionNode = FALSE
	EndGlobalSection
	GlobalSection(ExtensibilityGlobals) = postSolution
		SolutionGuid = {530EAAF4-F7FF-486A-9D8E-7A4CB4BEA68C}
	EndGlobalSection
EndGlobal
